
Microsoft Visual Studio Solution File, Format Version 12.00
# Visual Studio Version 16
VisualStudioVersion = 16.0.28922.388
MinimumVisualStudioVersion = 10.0.40219.1
Project("{9A19103F-16F7-4668-BE54-9A1E7A4F7556}") = "BlazorApp", "BlazorApp\BlazorApp.csproj", "{027701B5-EAD0-4C1B-8F62-150A9D2B81FC}"
EndProject
Global
	GlobalSection(SolutionConfigurationPlatforms) = preSolution
		Debug|Any CPU = Debug|Any CPU
		Release|Any CPU = Release|Any CPU
	EndGlobalSection
	GlobalSection(ProjectConfigurationPlatforms) = postSolution
		{027701B5-EAD0-4C1B-8F62-150A9D2B81FC}.Debug|Any CPU.ActiveCfg = Debug|Any CPU
		{027701B5-EAD0-4C1B-8F62-150A9D2B81FC}.Debug|Any CPU.Build.0 = Debug|Any CPU
		{027701B5-EAD0-4C1B-8F62-150A9D2B81FC}.Release|Any CPU.ActiveCfg = Release|Any CPU
		{027701B5-EAD0-4C1B-8F62-150A9D2B81FC}.Release|Any CPU.Build.0 = Release|Any CPU
	EndGlobalSection
	GlobalSection(SolutionProperties) = preSolution
		HideSolutionNode = FALSE
	EndGlobalSection
	GlobalSection(ExtensibilityGlobals) = postSolution
		SolutionGuid = {6C47FB5D-5394-4F31-B634-EC7AB1D9C07B}
	EndGlobalSection
EndGlobal
